
Microsoft Visual Studio Solution File, Format Version 12.00
# Visual Studio Version 17
VisualStudioVersion = 17.7.34024.191
MinimumVisualStudioVersion = 10.0.40219.1
Project("{8BC9CEB8-8B4A-11D0-8D11-00A0C91BC942}") = "cudachess", "cudachess\cudachess.vcxproj", "{7E4DA57B-D23B-4D67-866E-5E698BED961F}"
EndProject
Global
	GlobalSection(SolutionConfigurationPlatforms) = preSolution
		Debug|x64 = Debug|x64
		Release|x64 = Release|x64
	EndGlobalSection
	GlobalSection(ProjectConfigurationPlatforms) = postSolution
		{7E4DA57B-D23B-4D67-866E-5E698BED961F}.Debug|x64.ActiveCfg = Debug|x64
		{7E4DA57B-D23B-4D67-866E-5E698BED961F}.Debug|x64.Build.0 = Debug|x64
		{7E4DA57B-D23B-4D67-866E-5E698BED961F}.Release|x64.ActiveCfg = Release|x64
		{7E4DA57B-D23B-4D67-866E-5E698BED961F}.Release|x64.Build.0 = Release|x64
	EndGlobalSection
	GlobalSection(SolutionProperties) = preSolution
		HideSolutionNode = FALSE
	EndGlobalSection
	GlobalSection(ExtensibilityGlobals) = postSolution
		SolutionGuid = {9B4407C8-B265-44FC-9247-56BE0C186934}
	EndGlobalSection
EndGlobal
